<?xml version="1.0" encoding="utf-8"?>
<Project ToolsVersion="4.0" xmlns="http://schemas.microsoft.com/developer/msbuild/2003">
  <ItemGroup>
    <Filter Include="Source Files">
      <UniqueIdentifier>{4FC737F1-C7A5-4376-A066-2A32D752A2FF}</UniqueIdentifier>
      <Extensions>cpp;c;cc;cxx;def;odl;idl;hpj;bat;asm;asmx</Extensions>
    </Filter>
    <Filter Include="Resource Files">
      <UniqueIdentifier>{67DA6AB6-F800-4c08-8B7A-83BB121AAD01}</UniqueIdentifier>
      <Extensions>rc;ico;cur;bmp;dlg;rc2;rct;bin;rgs;gif;jpg;jpeg;jpe;resx;tiff;tif;png;wav;mfcribbon-ms</Extensions>
    </Filter>
    <Filter Include="Source Files\pipeline">
      <UniqueIdentifier>{0fb290bb-24eb-4355-8139-193e0c2002e6}</UniqueIdentifier>
    </Filter>
    <Filter Include="Source Files\components">
      <UniqueIdentifier>{c7618353-80e5-4160-b67d-fed1b6d9ee7e}</UniqueIdentifier>
    </Filter>
  </ItemGroup>
  <ItemGroup>
    <ClInclude Include="..\..\demo\demo\demo.h">
      <Filter>Source Files</Filter>
    </ClInclude>
    <ClInclude Include="..\..\demo\demo\pipeline\deferred_render_pipeline.h">
      <Filter>Source Files\pipeline</Filter>
    </ClInclude>
    <ClInclude Include="..\..\demo\demo\component\move_player_component.h">
      <Filter>Source Files\components</Filter>
    </ClInclude>
  </ItemGroup>
  <ItemGroup>
    <ClCompile Include="..\..\demo\demo\demo.cpp">
      <Filter>Source Files</Filter>
    </ClCompile>
    <ClCompile Include="..\..\demo\demo\pipeline\deferred_render_pipeline.cpp">
      <Filter>Source Files\pipeline</Filter>
    </ClCompile>
    <ClCompile Include="..\..\demo\demo\component\move_player_component.cpp">
      <Filter>Source Files\components</Filter>
    </ClCompile>
  </ItemGroup>
</Project>