
Microsoft Visual Studio Solution File, Format Version 11.00
# Visual Studio 2010
Project("{8BC9CEB8-8B4A-11D0-8D11-00A0C91BC942}") = "playstate", "playstate.vcxproj", "{49640F0E-B772-4535-9E7B-4C0C7C5C1CFF}"
EndProject
Project("{8BC9CEB8-8B4A-11D0-8D11-00A0C91BC942}") = "demo", "demo.vcxproj", "{BA87D3D9-B255-4246-AC1A-BD6BE7DC83B4}"
	ProjectSection(ProjectDependencies) = postProject
		{18FCFBC0-D4DA-4193-90D3-D88F2FFC00EE} = {18FCFBC0-D4DA-4193-90D3-D88F2FFC00EE}
	EndProjectSection
EndProject
Project("{8BC9CEB8-8B4A-11D0-8D11-00A0C91BC942}") = "playstate.tests", "playstate.tests.vcxproj", "{8BAC8A17-CD0B-4376-A93B-3472139B8A3A}"
	ProjectSection(ProjectDependencies) = postProject
		{49640F0E-B772-4535-9E7B-4C0C7C5C1CFF} = {49640F0E-B772-4535-9E7B-4C0C7C5C1CFF}
		{C5C88D14-117C-4B4C-8721-F0720DC6BF75} = {C5C88D14-117C-4B4C-8721-F0720DC6BF75}
	EndProjectSection
EndProject
Project("{8BC9CEB8-8B4A-11D0-8D11-00A0C91BC942}") = "playstate.win32", "playstate.win32.vcxproj", "{18FCFBC0-D4DA-4193-90D3-D88F2FFC00EE}"
	ProjectSection(ProjectDependencies) = postProject
		{49640F0E-B772-4535-9E7B-4C0C7C5C1CFF} = {49640F0E-B772-4535-9E7B-4C0C7C5C1CFF}
		{B68DFA77-8A67-4032-AB88-33D77FAA36AC} = {B68DFA77-8A67-4032-AB88-33D77FAA36AC}
		{E888E0B4-3F42-4DE8-9D69-35495868B33E} = {E888E0B4-3F42-4DE8-9D69-35495868B33E}
	EndProjectSection
EndProject
Project("{8BC9CEB8-8B4A-11D0-8D11-00A0C91BC942}") = "glmock", "glmock.vcxproj", "{C5C88D14-117C-4B4C-8721-F0720DC6BF75}"
EndProject
Project("{8BC9CEB8-8B4A-11D0-8D11-00A0C91BC942}") = "playstate.ogl3", "playstate.ogl3.vcxproj", "{E888E0B4-3F42-4DE8-9D69-35495868B33E}"
EndProject
Project("{8BC9CEB8-8B4A-11D0-8D11-00A0C91BC942}") = "playstate.openal", "playstate.openal.vcxproj", "{B68DFA77-8A67-4032-AB88-33D77FAA36AC}"
	ProjectSection(ProjectDependencies) = postProject
		{49640F0E-B772-4535-9E7B-4C0C7C5C1CFF} = {49640F0E-B772-4535-9E7B-4C0C7C5C1CFF}
	EndProjectSection
EndProject
Global
	GlobalSection(SolutionConfigurationPlatforms) = preSolution
		Debug|Win32 = Debug|Win32
		Release|Win32 = Release|Win32
	EndGlobalSection
	GlobalSection(ProjectConfigurationPlatforms) = postSolution
		{49640F0E-B772-4535-9E7B-4C0C7C5C1CFF}.Debug|Win32.ActiveCfg = Debug|Win32
		{49640F0E-B772-4535-9E7B-4C0C7C5C1CFF}.Debug|Win32.Build.0 = Debug|Win32
		{49640F0E-B772-4535-9E7B-4C0C7C5C1CFF}.Release|Win32.ActiveCfg = Release|Win32
		{49640F0E-B772-4535-9E7B-4C0C7C5C1CFF}.Release|Win32.Build.0 = Release|Win32
		{BA87D3D9-B255-4246-AC1A-BD6BE7DC83B4}.Debug|Win32.ActiveCfg = Debug|Win32
		{BA87D3D9-B255-4246-AC1A-BD6BE7DC83B4}.Debug|Win32.Build.0 = Debug|Win32
		{BA87D3D9-B255-4246-AC1A-BD6BE7DC83B4}.Release|Win32.ActiveCfg = Release|Win32
		{BA87D3D9-B255-4246-AC1A-BD6BE7DC83B4}.Release|Win32.Build.0 = Release|Win32
		{8BAC8A17-CD0B-4376-A93B-3472139B8A3A}.Debug|Win32.ActiveCfg = Debug|Win32
		{8BAC8A17-CD0B-4376-A93B-3472139B8A3A}.Debug|Win32.Build.0 = Debug|Win32
		{8BAC8A17-CD0B-4376-A93B-3472139B8A3A}.Release|Win32.ActiveCfg = Release|Win32
		{8BAC8A17-CD0B-4376-A93B-3472139B8A3A}.Release|Win32.Build.0 = Release|Win32
		{18FCFBC0-D4DA-4193-90D3-D88F2FFC00EE}.Debug|Win32.ActiveCfg = Debug|Win32
		{18FCFBC0-D4DA-4193-90D3-D88F2FFC00EE}.Debug|Win32.Build.0 = Debug|Win32
		{18FCFBC0-D4DA-4193-90D3-D88F2FFC00EE}.Release|Win32.ActiveCfg = Release|Win32
		{18FCFBC0-D4DA-4193-90D3-D88F2FFC00EE}.Release|Win32.Build.0 = Release|Win32
		{C5C88D14-117C-4B4C-8721-F0720DC6BF75}.Debug|Win32.ActiveCfg = Debug|Win32
		{C5C88D14-117C-4B4C-8721-F0720DC6BF75}.Debug|Win32.Build.0 = Debug|Win32
		{C5C88D14-117C-4B4C-8721-F0720DC6BF75}.Release|Win32.ActiveCfg = Release|Win32
		{C5C88D14-117C-4B4C-8721-F0720DC6BF75}.Release|Win32.Build.0 = Release|Win32
		{E888E0B4-3F42-4DE8-9D69-35495868B33E}.Debug|Win32.ActiveCfg = Debug|Win32
		{E888E0B4-3F42-4DE8-9D69-35495868B33E}.Debug|Win32.Build.0 = Debug|Win32
		{E888E0B4-3F42-4DE8-9D69-35495868B33E}.Release|Win32.ActiveCfg = Release|Win32
		{E888E0B4-3F42-4DE8-9D69-35495868B33E}.Release|Win32.Build.0 = Release|Win32
		{B68DFA77-8A67-4032-AB88-33D77FAA36AC}.Debug|Win32.ActiveCfg = Debug|Win32
		{B68DFA77-8A67-4032-AB88-33D77FAA36AC}.Debug|Win32.Build.0 = Debug|Win32
		{B68DFA77-8A67-4032-AB88-33D77FAA36AC}.Release|Win32.ActiveCfg = Release|Win32
		{B68DFA77-8A67-4032-AB88-33D77FAA36AC}.Release|Win32.Build.0 = Release|Win32
	EndGlobalSection
	GlobalSection(SolutionProperties) = preSolution
		HideSolutionNode = FALSE
	EndGlobalSection
EndGlobal
